// !$*UTF8*$!
{
	archiveVersion = 1;
	classes = {
	};
	objectVersion = 46;
	objects = {

/* Begin PBXBuildFile section */
		000A23B81C7AC6A500FB783F /* LJClient.swift in Sources */ = {isa = PBXBuildFile; fileRef = 000A23B71C7AC6A500FB783F /* LJClient.swift */; };
		000A23BB1C7ACCEF00FB783F /* FeedEntry.swift in Sources */ = {isa = PBXBuildFile; fileRef = 000A23BA1C7ACCEF00FB783F /* FeedEntry.swift */; };
		003C9C5B1C81563300017236 /* ArticleViewController.swift in Sources */ = {isa = PBXBuildFile; fileRef = 003C9C5A1C81563300017236 /* ArticleViewController.swift */; };
		003C9C5E1C816AA300017236 /* NSDateExtension.swift in Sources */ = {isa = PBXBuildFile; fileRef = 003C9C5D1C816AA300017236 /* NSDateExtension.swift */; };
		003C9C601C816BEE00017236 /* ReadingListTableViewController.swift in Sources */ = {isa = PBXBuildFile; fileRef = 003C9C5F1C816BEE00017236 /* ReadingListTableViewController.swift */; };
		003C9C621C85508000017236 /* AddAuthorViewController.swift in Sources */ = {isa = PBXBuildFile; fileRef = 003C9C611C85508000017236 /* AddAuthorViewController.swift */; };
		003C9C641C8552D300017236 /* NSUserDefaultsExtension.swift in Sources */ = {isa = PBXBuildFile; fileRef = 003C9C631C8552D300017236 /* NSUserDefaultsExtension.swift */; };
		009290411D862BCA00D8ED0E /* UIViewControllerExtension.swift in Sources */ = {isa = PBXBuildFile; fileRef = 009290401D862BCA00D8ED0E /* UIViewControllerExtension.swift */; };
		009290441D862D6800D8ED0E /* FeedTableDelegate.swift in Sources */ = {isa = PBXBuildFile; fileRef = 009290431D862D6800D8ED0E /* FeedTableDelegate.swift */; };
		009290461D862D7500D8ED0E /* FeedTableDataSource.swift in Sources */ = {isa = PBXBuildFile; fileRef = 009290451D862D7500D8ED0E /* FeedTableDataSource.swift */; };
		009290491D871E0700D8ED0E /* ReadingListTableDataSource.swift in Sources */ = {isa = PBXBuildFile; fileRef = 009290481D871E0700D8ED0E /* ReadingListTableDataSource.swift */; };
		00DEF4A71C71330F00D8EEC7 /* AppDelegate.swift in Sources */ = {isa = PBXBuildFile; fileRef = 00DEF4A61C71330F00D8EEC7 /* AppDelegate.swift */; };
		00DEF4BC1C71330F00D8EEC7 /* LJReaderTests.swift in Sources */ = {isa = PBXBuildFile; fileRef = 00DEF4BB1C71330F00D8EEC7 /* LJReaderTests.swift */; };
		00DEF4C71C71330F00D8EEC7 /* LJReaderUITests.swift in Sources */ = {isa = PBXBuildFile; fileRef = 00DEF4C61C71330F00D8EEC7 /* LJReaderUITests.swift */; };
		00DEF4D51C71341500D8EEC7 /* FeedTableViewController.swift in Sources */ = {isa = PBXBuildFile; fileRef = 00DEF4D41C71341500D8EEC7 /* FeedTableViewController.swift */; };
		00DEF4DB1C71346300D8EEC7 /* Assets.xcassets in Resources */ = {isa = PBXBuildFile; fileRef = 00DEF4D81C71346300D8EEC7 /* Assets.xcassets */; };
		00DEF4E21C71347300D8EEC7 /* LaunchScreen.storyboard in Resources */ = {isa = PBXBuildFile; fileRef = 00DEF4DE1C71347300D8EEC7 /* LaunchScreen.storyboard */; };
		00DEF4E31C71347300D8EEC7 /* Main.storyboard in Resources */ = {isa = PBXBuildFile; fileRef = 00DEF4E01C71347300D8EEC7 /* Main.storyboard */; };
		00DEF4EA1C71373300D8EEC7 /* FeedCell.swift in Sources */ = {isa = PBXBuildFile; fileRef = 00DEF4E91C71373300D8EEC7 /* FeedCell.swift */; };
		2143EC8BEF0826C11BD99561 /* Pods_LJReaderUITests.framework in Frameworks */ = {isa = PBXBuildFile; fileRef = 0EF32982E2304EADA326B64D /* Pods_LJReaderUITests.framework */; };
		4AF0BEA4806C5D39E08A685B /* Pods_LJReader.framework in Frameworks */ = {isa = PBXBuildFile; fileRef = 08A0795D7E1F5F45B2524C90 /* Pods_LJReader.framework */; };
		E99B18436D9DAED4313B8E0E /* Pods_LJReaderTests.framework in Frameworks */ = {isa = PBXBuildFile; fileRef = BB5FCE514CCBE5D40B17107D /* Pods_LJReaderTests.framework */; };
/* End PBXBuildFile section */

/* Begin PBXContainerItemProxy section */
		00DEF4B81C71330F00D8EEC7 /* PBXContainerItemProxy */ = {
			isa = PBXContainerItemProxy;
			containerPortal = 00DEF49B1C71330F00D8EEC7 /* Project object */;
			proxyType = 1;
			remoteGlobalIDString = 00DEF4A21C71330F00D8EEC7;
			remoteInfo = LJReader;
		};
		00DEF4C31C71330F00D8EEC7 /* PBXContainerItemProxy */ = {
			isa = PBXContainerItemProxy;
			containerPortal = 00DEF49B1C71330F00D8EEC7 /* Project object */;
			proxyType = 1;
			remoteGlobalIDString = 00DEF4A21C71330F00D8EEC7;
			remoteInfo = LJReader;
		};
/* End PBXContainerItemProxy section */

/* Begin PBXFileReference section */
		000A23B71C7AC6A500FB783F /* LJClient.swift */ = {isa = PBXFileReference; fileEncoding = 4; lastKnownFileType = sourcecode.swift; name = LJClient.swift; path = Network/LJClient.swift; sourceTree = "<group>"; };
		000A23BA1C7ACCEF00FB783F /* FeedEntry.swift */ = {isa = PBXFileReference; fileEncoding = 4; lastKnownFileType = sourcecode.swift; name = FeedEntry.swift; path = Model/FeedEntry.swift; sourceTree = "<group>"; };
		003C9C5A1C81563300017236 /* ArticleViewController.swift */ = {isa = PBXFileReference; fileEncoding = 4; lastKnownFileType = sourcecode.swift; name = ArticleViewController.swift; path = Controllers/ArticleViewController.swift; sourceTree = "<group>"; };
		003C9C5D1C816AA300017236 /* NSDateExtension.swift */ = {isa = PBXFileReference; fileEncoding = 4; lastKnownFileType = sourcecode.swift; name = NSDateExtension.swift; path = Extensions/NSDateExtension.swift; sourceTree = "<group>"; };
		003C9C5F1C816BEE00017236 /* ReadingListTableViewController.swift */ = {isa = PBXFileReference; fileEncoding = 4; lastKnownFileType = sourcecode.swift; name = ReadingListTableViewController.swift; path = Controllers/ReadingListTableViewController.swift; sourceTree = "<group>"; };
		003C9C611C85508000017236 /* AddAuthorViewController.swift */ = {isa = PBXFileReference; fileEncoding = 4; lastKnownFileType = sourcecode.swift; name = AddAuthorViewController.swift; path = Controllers/AddAuthorViewController.swift; sourceTree = "<group>"; };
		003C9C631C8552D300017236 /* NSUserDefaultsExtension.swift */ = {isa = PBXFileReference; fileEncoding = 4; lastKnownFileType = sourcecode.swift; name = NSUserDefaultsExtension.swift; path = Extensions/NSUserDefaultsExtension.swift; sourceTree = "<group>"; };
		009290401D862BCA00D8ED0E /* UIViewControllerExtension.swift */ = {isa = PBXFileReference; fileEncoding = 4; lastKnownFileType = sourcecode.swift; name = UIViewControllerExtension.swift; path = Extensions/UIViewControllerExtension.swift; sourceTree = "<group>"; };
		009290431D862D6800D8ED0E /* FeedTableDelegate.swift */ = {isa = PBXFileReference; fileEncoding = 4; lastKnownFileType = sourcecode.swift; name = FeedTableDelegate.swift; path = Controllers/FeedTableDelegate.swift; sourceTree = "<group>"; };
		009290451D862D7500D8ED0E /* FeedTableDataSource.swift */ = {isa = PBXFileReference; fileEncoding = 4; lastKnownFileType = sourcecode.swift; name = FeedTableDataSource.swift; path = Controllers/FeedTableDataSource.swift; sourceTree = "<group>"; };
		009290481D871E0700D8ED0E /* ReadingListTableDataSource.swift */ = {isa = PBXFileReference; fileEncoding = 4; lastKnownFileType = sourcecode.swift; name = ReadingListTableDataSource.swift; path = Controllers/ReadingListTableDataSource.swift; sourceTree = "<group>"; };
		00DEF4A31C71330F00D8EEC7 /* LJReader.app */ = {isa = PBXFileReference; explicitFileType = wrapper.application; includeInIndex = 0; path = LJReader.app; sourceTree = BUILT_PRODUCTS_DIR; };
		00DEF4A61C71330F00D8EEC7 /* AppDelegate.swift */ = {isa = PBXFileReference; lastKnownFileType = sourcecode.swift; path = AppDelegate.swift; sourceTree = "<group>"; };
		00DEF4B71C71330F00D8EEC7 /* LJReaderTests.xctest */ = {isa = PBXFileReference; explicitFileType = wrapper.cfbundle; includeInIndex = 0; path = LJReaderTests.xctest; sourceTree = BUILT_PRODUCTS_DIR; };
		00DEF4BB1C71330F00D8EEC7 /* LJReaderTests.swift */ = {isa = PBXFileReference; lastKnownFileType = sourcecode.swift; path = LJReaderTests.swift; sourceTree = "<group>"; };
		00DEF4BD1C71330F00D8EEC7 /* Info.plist */ = {isa = PBXFileReference; lastKnownFileType = text.plist.xml; path = Info.plist; sourceTree = "<group>"; };
		00DEF4C21C71330F00D8EEC7 /* LJReaderUITests.xctest */ = {isa = PBXFileReference; explicitFileType = wrapper.cfbundle; includeInIndex = 0; path = LJReaderUITests.xctest; sourceTree = BUILT_PRODUCTS_DIR; };
		00DEF4C61C71330F00D8EEC7 /* LJReaderUITests.swift */ = {isa = PBXFileReference; lastKnownFileType = sourcecode.swift; path = LJReaderUITests.swift; sourceTree = "<group>"; };
		00DEF4C81C71330F00D8EEC7 /* Info.plist */ = {isa = PBXFileReference; lastKnownFileType = text.plist.xml; path = Info.plist; sourceTree = "<group>"; };
		00DEF4D41C71341500D8EEC7 /* FeedTableViewController.swift */ = {isa = PBXFileReference; fileEncoding = 4; lastKnownFileType = sourcecode.swift; name = FeedTableViewController.swift; path = Controllers/FeedTableViewController.swift; sourceTree = "<group>"; };
		00DEF4D81C71346300D8EEC7 /* Assets.xcassets */ = {isa = PBXFileReference; lastKnownFileType = folder.assetcatalog; name = Assets.xcassets; path = Resources/Assets.xcassets; sourceTree = "<group>"; };
		00DEF4DA1C71346300D8EEC7 /* Info.plist */ = {isa = PBXFileReference; fileEncoding = 4; lastKnownFileType = text.plist.xml; name = Info.plist; path = Resources/Info.plist; sourceTree = "<group>"; };
		00DEF4DF1C71347300D8EEC7 /* Base */ = {isa = PBXFileReference; lastKnownFileType = file.storyboard; name = Base; path = Resources/Base.lproj/LaunchScreen.storyboard; sourceTree = "<group>"; };
		00DEF4E11C71347300D8EEC7 /* Base */ = {isa = PBXFileReference; lastKnownFileType = file.storyboard; name = Base; path = Resources/Base.lproj/Main.storyboard; sourceTree = "<group>"; };
		00DEF4E91C71373300D8EEC7 /* FeedCell.swift */ = {isa = PBXFileReference; fileEncoding = 4; lastKnownFileType = sourcecode.swift; name = FeedCell.swift; path = Cells/FeedCell.swift; sourceTree = "<group>"; };
		08A0795D7E1F5F45B2524C90 /* Pods_LJReader.framework */ = {isa = PBXFileReference; explicitFileType = wrapper.framework; includeInIndex = 0; path = Pods_LJReader.framework; sourceTree = BUILT_PRODUCTS_DIR; };
		0EF32982E2304EADA326B64D /* Pods_LJReaderUITests.framework */ = {isa = PBXFileReference; explicitFileType = wrapper.framework; includeInIndex = 0; path = Pods_LJReaderUITests.framework; sourceTree = BUILT_PRODUCTS_DIR; };
		129C5A76121279F82022E2B1 /* Pods-LJReaderTests.release.xcconfig */ = {isa = PBXFileReference; includeInIndex = 1; lastKnownFileType = text.xcconfig; name = "Pods-LJReaderTests.release.xcconfig"; path = "Pods/Target Support Files/Pods-LJReaderTests/Pods-LJReaderTests.release.xcconfig"; sourceTree = "<group>"; };
		2B47D1B661081F2342B75801 /* Pods-LJReader.debug.xcconfig */ = {isa = PBXFileReference; includeInIndex = 1; lastKnownFileType = text.xcconfig; name = "Pods-LJReader.debug.xcconfig"; path = "Pods/Target Support Files/Pods-LJReader/Pods-LJReader.debug.xcconfig"; sourceTree = "<group>"; };
		4AD2B69FDE1754F65A013843 /* Pods-LJReaderTests.debug.xcconfig */ = {isa = PBXFileReference; includeInIndex = 1; lastKnownFileType = text.xcconfig; name = "Pods-LJReaderTests.debug.xcconfig"; path = "Pods/Target Support Files/Pods-LJReaderTests/Pods-LJReaderTests.debug.xcconfig"; sourceTree = "<group>"; };
		57BBC702A38148B10FFAF259 /* Pods-LJReaderUITests.release.xcconfig */ = {isa = PBXFileReference; includeInIndex = 1; lastKnownFileType = text.xcconfig; name = "Pods-LJReaderUITests.release.xcconfig"; path = "Pods/Target Support Files/Pods-LJReaderUITests/Pods-LJReaderUITests.release.xcconfig"; sourceTree = "<group>"; };
		7AA116DB0A3EC3F9484DCF49 /* Pods-LJReader.release.xcconfig */ = {isa = PBXFileReference; includeInIndex = 1; lastKnownFileType = text.xcconfig; name = "Pods-LJReader.release.xcconfig"; path = "Pods/Target Support Files/Pods-LJReader/Pods-LJReader.release.xcconfig"; sourceTree = "<group>"; };
		BB5FCE514CCBE5D40B17107D /* Pods_LJReaderTests.framework */ = {isa = PBXFileReference; explicitFileType = wrapper.framework; includeInIndex = 0; path = Pods_LJReaderTests.framework; sourceTree = BUILT_PRODUCTS_DIR; };
		D34AACC18BDC821D94B8BCF3 /* Pods-LJReaderUITests.debug.xcconfig */ = {isa = PBXFileReference; includeInIndex = 1; lastKnownFileType = text.xcconfig; name = "Pods-LJReaderUITests.debug.xcconfig"; path = "Pods/Target Support Files/Pods-LJReaderUITests/Pods-LJReaderUITests.debug.xcconfig"; sourceTree = "<group>"; };
/* End PBXFileReference section */

/* Begin PBXFrameworksBuildPhase section */
		00DEF4A01C71330F00D8EEC7 /* Frameworks */ = {
			isa = PBXFrameworksBuildPhase;
			buildActionMask = 2147483647;
			files = (
				4AF0BEA4806C5D39E08A685B /* Pods_LJReader.framework in Frameworks */,
			);
			runOnlyForDeploymentPostprocessing = 0;
		};
		00DEF4B41C71330F00D8EEC7 /* Frameworks */ = {
			isa = PBXFrameworksBuildPhase;
			buildActionMask = 2147483647;
			files = (
				E99B18436D9DAED4313B8E0E /* Pods_LJReaderTests.framework in Frameworks */,
			);
			runOnlyForDeploymentPostprocessing = 0;
		};
		00DEF4BF1C71330F00D8EEC7 /* Frameworks */ = {
			isa = PBXFrameworksBuildPhase;
			buildActionMask = 2147483647;
			files = (
				2143EC8BEF0826C11BD99561 /* Pods_LJReaderUITests.framework in Frameworks */,
			);
			runOnlyForDeploymentPostprocessing = 0;
		};
/* End PBXFrameworksBuildPhase section */

/* Begin PBXGroup section */
		000A23B61C7AC67900FB783F /* Network */ = {
			isa = PBXGroup;
			children = (
				000A23B71C7AC6A500FB783F /* LJClient.swift */,
			);
			name = Network;
			sourceTree = "<group>";
		};
		000A23B91C7ACCD600FB783F /* Model */ = {
			isa = PBXGroup;
			children = (
				000A23BA1C7ACCEF00FB783F /* FeedEntry.swift */,
			);
			name = Model;
			sourceTree = "<group>";
		};
		003C9C5C1C816A8D00017236 /* Extensions */ = {
			isa = PBXGroup;
			children = (
				003C9C5D1C816AA300017236 /* NSDateExtension.swift */,
				003C9C631C8552D300017236 /* NSUserDefaultsExtension.swift */,
				009290401D862BCA00D8ED0E /* UIViewControllerExtension.swift */,
			);
			name = Extensions;
			sourceTree = "<group>";
		};
		009290421D862D5400D8ED0E /* Feed */ = {
			isa = PBXGroup;
			children = (
				009290431D862D6800D8ED0E /* FeedTableDelegate.swift */,
				009290451D862D7500D8ED0E /* FeedTableDataSource.swift */,
				00DEF4D41C71341500D8EEC7 /* FeedTableViewController.swift */,
			);
			name = Feed;
			sourceTree = "<group>";
		};
		009290471D871DE900D8ED0E /* Reading List */ = {
			isa = PBXGroup;
			children = (
				009290481D871E0700D8ED0E /* ReadingListTableDataSource.swift */,
				003C9C5F1C816BEE00017236 /* ReadingListTableViewController.swift */,
			);
			name = "Reading List";
			sourceTree = "<group>";
		};
		00DEF49A1C71330F00D8EEC7 = {
			isa = PBXGroup;
			children = (
				00DEF4A51C71330F00D8EEC7 /* LJReader */,
				00DEF4BA1C71330F00D8EEC7 /* LJReaderTests */,
				00DEF4C51C71330F00D8EEC7 /* LJReaderUITests */,
				00DEF4A41C71330F00D8EEC7 /* Products */,
				C1596244D8421F6B0719AB47 /* Pods */,
				65391FFD5A501FB44CE4ED0F /* Frameworks */,
			);
			sourceTree = "<group>";
		};
		00DEF4A41C71330F00D8EEC7 /* Products */ = {
			isa = PBXGroup;
			children = (
				00DEF4A31C71330F00D8EEC7 /* LJReader.app */,
				00DEF4B71C71330F00D8EEC7 /* LJReaderTests.xctest */,
				00DEF4C21C71330F00D8EEC7 /* LJReaderUITests.xctest */,
			);
			name = Products;
			sourceTree = "<group>";
		};
		00DEF4A51C71330F00D8EEC7 /* LJReader */ = {
			isa = PBXGroup;
			children = (
				003C9C5C1C816A8D00017236 /* Extensions */,
				00DEF4E61C7136F700D8EEC7 /* Cells */,
				00DEF4D61C71344800D8EEC7 /* Controllers */,
				000A23B61C7AC67900FB783F /* Network */,
				000A23B91C7ACCD600FB783F /* Model */,
				00DEF4D71C71344D00D8EEC7 /* Resources */,
				00DEF4A61C71330F00D8EEC7 /* AppDelegate.swift */,
			);
			path = LJReader;
			sourceTree = "<group>";
		};
		00DEF4BA1C71330F00D8EEC7 /* LJReaderTests */ = {
			isa = PBXGroup;
			children = (
				00DEF4BB1C71330F00D8EEC7 /* LJReaderTests.swift */,
				00DEF4BD1C71330F00D8EEC7 /* Info.plist */,
			);
			path = LJReaderTests;
			sourceTree = "<group>";
		};
		00DEF4C51C71330F00D8EEC7 /* LJReaderUITests */ = {
			isa = PBXGroup;
			children = (
				00DEF4C61C71330F00D8EEC7 /* LJReaderUITests.swift */,
				00DEF4C81C71330F00D8EEC7 /* Info.plist */,
			);
			path = LJReaderUITests;
			sourceTree = "<group>";
		};
		00DEF4D61C71344800D8EEC7 /* Controllers */ = {
			isa = PBXGroup;
			children = (
				009290421D862D5400D8ED0E /* Feed */,
				009290471D871DE900D8ED0E /* Reading List */,
				003C9C5A1C81563300017236 /* ArticleViewController.swift */,
				003C9C611C85508000017236 /* AddAuthorViewController.swift */,
			);
			name = Controllers;
			sourceTree = "<group>";
		};
		00DEF4D71C71344D00D8EEC7 /* Resources */ = {
			isa = PBXGroup;
			children = (
				00DEF4DE1C71347300D8EEC7 /* LaunchScreen.storyboard */,
				00DEF4E01C71347300D8EEC7 /* Main.storyboard */,
				00DEF4D81C71346300D8EEC7 /* Assets.xcassets */,
				00DEF4DA1C71346300D8EEC7 /* Info.plist */,
			);
			name = Resources;
			sourceTree = "<group>";
		};
		00DEF4E61C7136F700D8EEC7 /* Cells */ = {
			isa = PBXGroup;
			children = (
				00DEF4E91C71373300D8EEC7 /* FeedCell.swift */,
			);
			name = Cells;
			sourceTree = "<group>";
		};
		65391FFD5A501FB44CE4ED0F /* Frameworks */ = {
			isa = PBXGroup;
			children = (
				08A0795D7E1F5F45B2524C90 /* Pods_LJReader.framework */,
				BB5FCE514CCBE5D40B17107D /* Pods_LJReaderTests.framework */,
				0EF32982E2304EADA326B64D /* Pods_LJReaderUITests.framework */,
			);
			name = Frameworks;
			sourceTree = "<group>";
		};
		C1596244D8421F6B0719AB47 /* Pods */ = {
			isa = PBXGroup;
			children = (
				2B47D1B661081F2342B75801 /* Pods-LJReader.debug.xcconfig */,
				7AA116DB0A3EC3F9484DCF49 /* Pods-LJReader.release.xcconfig */,
				4AD2B69FDE1754F65A013843 /* Pods-LJReaderTests.debug.xcconfig */,
				129C5A76121279F82022E2B1 /* Pods-LJReaderTests.release.xcconfig */,
				D34AACC18BDC821D94B8BCF3 /* Pods-LJReaderUITests.debug.xcconfig */,
				57BBC702A38148B10FFAF259 /* Pods-LJReaderUITests.release.xcconfig */,
			);
			name = Pods;
			sourceTree = "<group>";
		};
/* End PBXGroup section */

/* Begin PBXNativeTarget section */
		00DEF4A21C71330F00D8EEC7 /* LJReader */ = {
			isa = PBXNativeTarget;
			buildConfigurationList = 00DEF4CB1C71330F00D8EEC7 /* Build configuration list for PBXNativeTarget "LJReader" */;
			buildPhases = (
				23A5DE7F4EF3DFDF863FE8E7 /* [CP] Check Pods Manifest.lock */,
				00DEF49F1C71330F00D8EEC7 /* Sources */,
				00DEF4A01C71330F00D8EEC7 /* Frameworks */,
				00DEF4A11C71330F00D8EEC7 /* Resources */,
				41EF884A646EFCDE2F7BA0A7 /* [CP] Embed Pods Frameworks */,
				F64B95709E129A0DA3E39422 /* [CP] Copy Pods Resources */,
				00A2E1831D8625320020DA8B /* SwiftLint */,
			);
			buildRules = (
			);
			dependencies = (
			);
			name = LJReader;
			productName = LJReader;
			productReference = 00DEF4A31C71330F00D8EEC7 /* LJReader.app */;
			productType = "com.apple.product-type.application";
		};
		00DEF4B61C71330F00D8EEC7 /* LJReaderTests */ = {
			isa = PBXNativeTarget;
			buildConfigurationList = 00DEF4CE1C71330F00D8EEC7 /* Build configuration list for PBXNativeTarget "LJReaderTests" */;
			buildPhases = (
				FFA5A4FAC1D9B06CF1AE543E /* [CP] Check Pods Manifest.lock */,
				00DEF4B31C71330F00D8EEC7 /* Sources */,
				00DEF4B41C71330F00D8EEC7 /* Frameworks */,
				00DEF4B51C71330F00D8EEC7 /* Resources */,
				F3E89C18E9CB60DD8095B285 /* [CP] Embed Pods Frameworks */,
				A692D6E601CF234C072A6C8B /* [CP] Copy Pods Resources */,
			);
			buildRules = (
			);
			dependencies = (
				00DEF4B91C71330F00D8EEC7 /* PBXTargetDependency */,
			);
			name = LJReaderTests;
			productName = LJReaderTests;
			productReference = 00DEF4B71C71330F00D8EEC7 /* LJReaderTests.xctest */;
			productType = "com.apple.product-type.bundle.unit-test";
		};
		00DEF4C11C71330F00D8EEC7 /* LJReaderUITests */ = {
			isa = PBXNativeTarget;
			buildConfigurationList = 00DEF4D11C71330F00D8EEC7 /* Build configuration list for PBXNativeTarget "LJReaderUITests" */;
			buildPhases = (
				364861E34CA7BA61C39D1763 /* [CP] Check Pods Manifest.lock */,
				00DEF4BE1C71330F00D8EEC7 /* Sources */,
				00DEF4BF1C71330F00D8EEC7 /* Frameworks */,
				00DEF4C01C71330F00D8EEC7 /* Resources */,
				7815018B636BF00F59616B00 /* [CP] Copy Pods Resources */,
			);
			buildRules = (
			);
			dependencies = (
				00DEF4C41C71330F00D8EEC7 /* PBXTargetDependency */,
			);
			name = LJReaderUITests;
			productName = LJReaderUITests;
			productReference = 00DEF4C21C71330F00D8EEC7 /* LJReaderUITests.xctest */;
			productType = "com.apple.product-type.bundle.ui-testing";
		};
/* End PBXNativeTarget section */

/* Begin PBXProject section */
		00DEF49B1C71330F00D8EEC7 /* Project object */ = {
			isa = PBXProject;
			attributes = {
				LastSwiftUpdateCheck = 0720;
				LastUpgradeCheck = 0720;
				ORGANIZATIONNAME = aliceaponasko;
				TargetAttributes = {
					00DEF4A21C71330F00D8EEC7 = {
						CreatedOnToolsVersion = 7.2.1;
					};
					00DEF4B61C71330F00D8EEC7 = {
						CreatedOnToolsVersion = 7.2.1;
						TestTargetID = 00DEF4A21C71330F00D8EEC7;
					};
					00DEF4C11C71330F00D8EEC7 = {
						CreatedOnToolsVersion = 7.2.1;
						TestTargetID = 00DEF4A21C71330F00D8EEC7;
					};
				};
			};
			buildConfigurationList = 00DEF49E1C71330F00D8EEC7 /* Build configuration list for PBXProject "LJReader" */;
			compatibilityVersion = "Xcode 3.2";
			developmentRegion = English;
			hasScannedForEncodings = 0;
			knownRegions = (
				en,
				Base,
			);
			mainGroup = 00DEF49A1C71330F00D8EEC7;
			productRefGroup = 00DEF4A41C71330F00D8EEC7 /* Products */;
			projectDirPath = "";
			projectRoot = "";
			targets = (
				00DEF4A21C71330F00D8EEC7 /* LJReader */,
				00DEF4B61C71330F00D8EEC7 /* LJReaderTests */,
				00DEF4C11C71330F00D8EEC7 /* LJReaderUITests */,
			);
		};
/* End PBXProject section */

/* Begin PBXResourcesBuildPhase section */
		00DEF4A11C71330F00D8EEC7 /* Resources */ = {
			isa = PBXResourcesBuildPhase;
			buildActionMask = 2147483647;
			files = (
				00DEF4E21C71347300D8EEC7 /* LaunchScreen.storyboard in Resources */,
				00DEF4DB1C71346300D8EEC7 /* Assets.xcassets in Resources */,
				00DEF4E31C71347300D8EEC7 /* Main.storyboard in Resources */,
			);
			runOnlyForDeploymentPostprocessing = 0;
		};
		00DEF4B51C71330F00D8EEC7 /* Resources */ = {
			isa = PBXResourcesBuildPhase;
			buildActionMask = 2147483647;
			files = (
			);
			runOnlyForDeploymentPostprocessing = 0;
		};
		00DEF4C01C71330F00D8EEC7 /* Resources */ = {
			isa = PBXResourcesBuildPhase;
			buildActionMask = 2147483647;
			files = (
			);
			runOnlyForDeploymentPostprocessing = 0;
		};
/* End PBXResourcesBuildPhase section */

/* Begin PBXShellScriptBuildPhase section */
		00A2E1831D8625320020DA8B /* SwiftLint */ = {
			isa = PBXShellScriptBuildPhase;
			buildActionMask = 2147483647;
			files = (
			);
			inputPaths = (
			);
			name = SwiftLint;
			outputPaths = (
			);
			runOnlyForDeploymentPostprocessing = 0;
			shellPath = /bin/sh;
			shellScript = "if which swiftlint >/dev/null; then\n    swiftlint\nelse\n    echo \"warning: SwiftLint not installed, download from https://github.com/realm/SwiftLint\"\nfi";
		};
		23A5DE7F4EF3DFDF863FE8E7 /* [CP] Check Pods Manifest.lock */ = {
			isa = PBXShellScriptBuildPhase;
			buildActionMask = 2147483647;
			files = (
			);
			inputPaths = (
			);
			name = "[CP] Check Pods Manifest.lock";
			outputPaths = (
			);
			runOnlyForDeploymentPostprocessing = 0;
			shellPath = /bin/sh;
			shellScript = "diff \"${PODS_ROOT}/../Podfile.lock\" \"${PODS_ROOT}/Manifest.lock\" > /dev/null\nif [[ $? != 0 ]] ; then\n    cat << EOM\nerror: The sandbox is not in sync with the Podfile.lock. Run 'pod install' or update your CocoaPods installation.\nEOM\n    exit 1\nfi\n";
			showEnvVarsInLog = 0;
		};
		364861E34CA7BA61C39D1763 /* [CP] Check Pods Manifest.lock */ = {
			isa = PBXShellScriptBuildPhase;
			buildActionMask = 2147483647;
			files = (
			);
			inputPaths = (
			);
			name = "[CP] Check Pods Manifest.lock";
			outputPaths = (
			);
			runOnlyForDeploymentPostprocessing = 0;
			shellPath = /bin/sh;
			shellScript = "diff \"${PODS_ROOT}/../Podfile.lock\" \"${PODS_ROOT}/Manifest.lock\" > /dev/null\nif [[ $? != 0 ]] ; then\n    cat << EOM\nerror: The sandbox is not in sync with the Podfile.lock. Run 'pod install' or update your CocoaPods installation.\nEOM\n    exit 1\nfi\n";
			showEnvVarsInLog = 0;
		};
		41EF884A646EFCDE2F7BA0A7 /* [CP] Embed Pods Frameworks */ = {
			isa = PBXShellScriptBuildPhase;
			buildActionMask = 2147483647;
			files = (
			);
			inputPaths = (
			);
			name = "[CP] Embed Pods Frameworks";
			outputPaths = (
			);
			runOnlyForDeploymentPostprocessing = 0;
			shellPath = /bin/sh;
			shellScript = "\"${SRCROOT}/Pods/Target Support Files/Pods-LJReader/Pods-LJReader-frameworks.sh\"\n";
			showEnvVarsInLog = 0;
		};
		7815018B636BF00F59616B00 /* [CP] Copy Pods Resources */ = {
			isa = PBXShellScriptBuildPhase;
			buildActionMask = 2147483647;
			files = (
			);
			inputPaths = (
			);
			name = "[CP] Copy Pods Resources";
			outputPaths = (
			);
			runOnlyForDeploymentPostprocessing = 0;
			shellPath = /bin/sh;
			shellScript = "\"${SRCROOT}/Pods/Target Support Files/Pods-LJReaderUITests/Pods-LJReaderUITests-resources.sh\"\n";
			showEnvVarsInLog = 0;
		};
		A692D6E601CF234C072A6C8B /* [CP] Copy Pods Resources */ = {
			isa = PBXShellScriptBuildPhase;
			buildActionMask = 2147483647;
			files = (
			);
			inputPaths = (
			);
			name = "[CP] Copy Pods Resources";
			outputPaths = (
			);
			runOnlyForDeploymentPostprocessing = 0;
			shellPath = /bin/sh;
			shellScript = "\"${SRCROOT}/Pods/Target Support Files/Pods-LJReaderTests/Pods-LJReaderTests-resources.sh\"\n";
			showEnvVarsInLog = 0;
		};
		F3E89C18E9CB60DD8095B285 /* [CP] Embed Pods Frameworks */ = {
			isa = PBXShellScriptBuildPhase;
			buildActionMask = 2147483647;
			files = (
			);
			inputPaths = (
			);
			name = "[CP] Embed Pods Frameworks";
			outputPaths = (
			);
			runOnlyForDeploymentPostprocessing = 0;
			shellPath = /bin/sh;
			shellScript = "\"${SRCROOT}/Pods/Target Support Files/Pods-LJReaderTests/Pods-LJReaderTests-frameworks.sh\"\n";
			showEnvVarsInLog = 0;
		};
		F64B95709E129A0DA3E39422 /* [CP] Copy Pods Resources */ = {
			isa = PBXShellScriptBuildPhase;
			buildActionMask = 2147483647;
			files = (
			);
			inputPaths = (
			);
			name = "[CP] Copy Pods Resources";
			outputPaths = (
			);
			runOnlyForDeploymentPostprocessing = 0;
			shellPath = /bin/sh;
			shellScript = "\"${SRCROOT}/Pods/Target Support Files/Pods-LJReader/Pods-LJReader-resources.sh\"\n";
			showEnvVarsInLog = 0;
		};
		FFA5A4FAC1D9B06CF1AE543E /* [CP] Check Pods Manifest.lock */ = {
			isa = PBXShellScriptBuildPhase;
			buildActionMask = 2147483647;
			files = (
			);
			inputPaths = (
			);
			name = "[CP] Check Pods Manifest.lock";
			outputPaths = (
			);
			runOnlyForDeploymentPostprocessing = 0;
			shellPath = /bin/sh;
			shellScript = "diff \"${PODS_ROOT}/../Podfile.lock\" \"${PODS_ROOT}/Manifest.lock\" > /dev/null\nif [[ $? != 0 ]] ; then\n    cat << EOM\nerror: The sandbox is not in sync with the Podfile.lock. Run 'pod install' or update your CocoaPods installation.\nEOM\n    exit 1\nfi\n";
			showEnvVarsInLog = 0;
		};
/* End PBXShellScriptBuildPhase section */

/* Begin PBXSourcesBuildPhase section */
		00DEF49F1C71330F00D8EEC7 /* Sources */ = {
			isa = PBXSourcesBuildPhase;
			buildActionMask = 2147483647;
			files = (
				009290491D871E0700D8ED0E /* ReadingListTableDataSource.swift in Sources */,
				000A23B81C7AC6A500FB783F /* LJClient.swift in Sources */,
				003C9C601C816BEE00017236 /* ReadingListTableViewController.swift in Sources */,
				00DEF4D51C71341500D8EEC7 /* FeedTableViewController.swift in Sources */,
				003C9C5B1C81563300017236 /* ArticleViewController.swift in Sources */,
				000A23BB1C7ACCEF00FB783F /* FeedEntry.swift in Sources */,
				009290441D862D6800D8ED0E /* FeedTableDelegate.swift in Sources */,
				003C9C641C8552D300017236 /* NSUserDefaultsExtension.swift in Sources */,
				003C9C5E1C816AA300017236 /* NSDateExtension.swift in Sources */,
				00DEF4A71C71330F00D8EEC7 /* AppDelegate.swift in Sources */,
				003C9C621C85508000017236 /* AddAuthorViewController.swift in Sources */,
				009290411D862BCA00D8ED0E /* UIViewControllerExtension.swift in Sources */,
				009290461D862D7500D8ED0E /* FeedTableDataSource.swift in Sources */,
				00DEF4EA1C71373300D8EEC7 /* FeedCell.swift in Sources */,
			);
			runOnlyForDeploymentPostprocessing = 0;
		};
		00DEF4B31C71330F00D8EEC7 /* Sources */ = {
			isa = PBXSourcesBuildPhase;
			buildActionMask = 2147483647;
			files = (
				00DEF4BC1C71330F00D8EEC7 /* LJReaderTests.swift in Sources */,
			);
			runOnlyForDeploymentPostprocessing = 0;
		};
		00DEF4BE1C71330F00D8EEC7 /* Sources */ = {
			isa = PBXSourcesBuildPhase;
			buildActionMask = 2147483647;
			files = (
				00DEF4C71C71330F00D8EEC7 /* LJReaderUITests.swift in Sources */,
			);
			runOnlyForDeploymentPostprocessing = 0;
		};
/* End PBXSourcesBuildPhase section */

/* Begin PBXTargetDependency section */
		00DEF4B91C71330F00D8EEC7 /* PBXTargetDependency */ = {
			isa = PBXTargetDependency;
			target = 00DEF4A21C71330F00D8EEC7 /* LJReader */;
			targetProxy = 00DEF4B81C71330F00D8EEC7 /* PBXContainerItemProxy */;
		};
		00DEF4C41C71330F00D8EEC7 /* PBXTargetDependency */ = {
			isa = PBXTargetDependency;
			target = 00DEF4A21C71330F00D8EEC7 /* LJReader */;
			targetProxy = 00DEF4C31C71330F00D8EEC7 /* PBXContainerItemProxy */;
		};
/* End PBXTargetDependency section */

/* Begin PBXVariantGroup section */
		00DEF4DE1C71347300D8EEC7 /* LaunchScreen.storyboard */ = {
			isa = PBXVariantGroup;
			children = (
				00DEF4DF1C71347300D8EEC7 /* Base */,
			);
			name = LaunchScreen.storyboard;
			sourceTree = "<group>";
		};
		00DEF4E01C71347300D8EEC7 /* Main.storyboard */ = {
			isa = PBXVariantGroup;
			children = (
				00DEF4E11C71347300D8EEC7 /* Base */,
			);
			name = Main.storyboard;
			sourceTree = "<group>";
		};
/* End PBXVariantGroup section */

/* Begin XCBuildConfiguration section */
		00DEF4C91C71330F00D8EEC7 /* Debug */ = {
			isa = XCBuildConfiguration;
			buildSettings = {
				ALWAYS_SEARCH_USER_PATHS = NO;
				CLANG_CXX_LANGUAGE_STANDARD = "gnu++0x";
				CLANG_CXX_LIBRARY = "libc++";
				CLANG_ENABLE_MODULES = YES;
				CLANG_ENABLE_OBJC_ARC = YES;
				CLANG_WARN_BOOL_CONVERSION = YES;
				CLANG_WARN_CONSTANT_CONVERSION = YES;
				CLANG_WARN_DIRECT_OBJC_ISA_USAGE = YES_ERROR;
				CLANG_WARN_EMPTY_BODY = YES;
				CLANG_WARN_ENUM_CONVERSION = YES;
				CLANG_WARN_INT_CONVERSION = YES;
				CLANG_WARN_OBJC_ROOT_CLASS = YES_ERROR;
				CLANG_WARN_UNREACHABLE_CODE = YES;
				CLANG_WARN__DUPLICATE_METHOD_MATCH = YES;
				"CODE_SIGN_IDENTITY[sdk=iphoneos*]" = "iPhone Developer";
				COPY_PHASE_STRIP = NO;
				DEBUG_INFORMATION_FORMAT = dwarf;
				ENABLE_STRICT_OBJC_MSGSEND = YES;
				ENABLE_TESTABILITY = YES;
				GCC_C_LANGUAGE_STANDARD = gnu99;
				GCC_DYNAMIC_NO_PIC = NO;
				GCC_NO_COMMON_BLOCKS = YES;
				GCC_OPTIMIZATION_LEVEL = 0;
				GCC_PREPROCESSOR_DEFINITIONS = (
					"DEBUG=1",
					"$(inherited)",
				);
				GCC_WARN_64_TO_32_BIT_CONVERSION = YES;
				GCC_WARN_ABOUT_RETURN_TYPE = YES_ERROR;
				GCC_WARN_UNDECLARED_SELECTOR = YES;
				GCC_WARN_UNINITIALIZED_AUTOS = YES_AGGRESSIVE;
				GCC_WARN_UNUSED_FUNCTION = YES;
				GCC_WARN_UNUSED_VARIABLE = YES;
				IPHONEOS_DEPLOYMENT_TARGET = 9.2;
				MTL_ENABLE_DEBUG_INFO = YES;
				ONLY_ACTIVE_ARCH = YES;
				SDKROOT = iphoneos;
				SWIFT_OPTIMIZATION_LEVEL = "-Onone";
			};
			name = Debug;
		};
		00DEF4CA1C71330F00D8EEC7 /* Release */ = {
			isa = XCBuildConfiguration;
			buildSettings = {
				ALWAYS_SEARCH_USER_PATHS = NO;
				CLANG_CXX_LANGUAGE_STANDARD = "gnu++0x";
				CLANG_CXX_LIBRARY = "libc++";
				CLANG_ENABLE_MODULES = YES;
				CLANG_ENABLE_OBJC_ARC = YES;
				CLANG_WARN_BOOL_CONVERSION = YES;
				CLANG_WARN_CONSTANT_CONVERSION = YES;
				CLANG_WARN_DIRECT_OBJC_ISA_USAGE = YES_ERROR;
				CLANG_WARN_EMPTY_BODY = YES;
				CLANG_WARN_ENUM_CONVERSION = YES;
				CLANG_WARN_INT_CONVERSION = YES;
				CLANG_WARN_OBJC_ROOT_CLASS = YES_ERROR;
				CLANG_WARN_UNREACHABLE_CODE = YES;
				CLANG_WARN__DUPLICATE_METHOD_MATCH = YES;
				"CODE_SIGN_IDENTITY[sdk=iphoneos*]" = "iPhone Developer";
				COPY_PHASE_STRIP = NO;
				DEBUG_INFORMATION_FORMAT = "dwarf-with-dsym";
				ENABLE_NS_ASSERTIONS = NO;
				ENABLE_STRICT_OBJC_MSGSEND = YES;
				GCC_C_LANGUAGE_STANDARD = gnu99;
				GCC_NO_COMMON_BLOCKS = YES;
				GCC_WARN_64_TO_32_BIT_CONVERSION = YES;
				GCC_WARN_ABOUT_RETURN_TYPE = YES_ERROR;
				GCC_WARN_UNDECLARED_SELECTOR = YES;
				GCC_WARN_UNINITIALIZED_AUTOS = YES_AGGRESSIVE;
				GCC_WARN_UNUSED_FUNCTION = YES;
				GCC_WARN_UNUSED_VARIABLE = YES;
				IPHONEOS_DEPLOYMENT_TARGET = 9.2;
				MTL_ENABLE_DEBUG_INFO = NO;
				SDKROOT = iphoneos;
				VALIDATE_PRODUCT = YES;
			};
			name = Release;
		};
		00DEF4CC1C71330F00D8EEC7 /* Debug */ = {
			isa = XCBuildConfiguration;
			baseConfigurationReference = 2B47D1B661081F2342B75801 /* Pods-LJReader.debug.xcconfig */;
			buildSettings = {
				ASSETCATALOG_COMPILER_APPICON_NAME = AppIcon;
				CODE_SIGN_IDENTITY = "iPhone Developer";
				INFOPLIST_FILE = LJReader/Resources/Info.plist;
				IPHONEOS_DEPLOYMENT_TARGET = 9.2;
				LD_RUNPATH_SEARCH_PATHS = "$(inherited) @executable_path/Frameworks";
				PRODUCT_BUNDLE_IDENTIFIER = com.aliceaponasko.LJReader;
				PRODUCT_NAME = "$(TARGET_NAME)";
			};
			name = Debug;
		};
		00DEF4CD1C71330F00D8EEC7 /* Release */ = {
			isa = XCBuildConfiguration;
			baseConfigurationReference = 7AA116DB0A3EC3F9484DCF49 /* Pods-LJReader.release.xcconfig */;
			buildSettings = {
				ASSETCATALOG_COMPILER_APPICON_NAME = AppIcon;
				CODE_SIGN_IDENTITY = "iPhone Developer";
				INFOPLIST_FILE = LJReader/Resources/Info.plist;
				IPHONEOS_DEPLOYMENT_TARGET = 9.2;
				LD_RUNPATH_SEARCH_PATHS = "$(inherited) @executable_path/Frameworks";
				PRODUCT_BUNDLE_IDENTIFIER = com.aliceaponasko.LJReader;
				PRODUCT_NAME = "$(TARGET_NAME)";
			};
			name = Release;
		};
		00DEF4CF1C71330F00D8EEC7 /* Debug */ = {
			isa = XCBuildConfiguration;
			baseConfigurationReference = 4AD2B69FDE1754F65A013843 /* Pods-LJReaderTests.debug.xcconfig */;
			buildSettings = {
				BUNDLE_LOADER = "$(TEST_HOST)";
				INFOPLIST_FILE = LJReaderTests/Info.plist;
				LD_RUNPATH_SEARCH_PATHS = "$(inherited) @executable_path/Frameworks @loader_path/Frameworks";
				PRODUCT_BUNDLE_IDENTIFIER = com.aliceaponasko.LJReaderTests;
				PRODUCT_NAME = "$(TARGET_NAME)";
				TEST_HOST = "$(BUILT_PRODUCTS_DIR)/LJReader.app/LJReader";
			};
			name = Debug;
		};
		00DEF4D01C71330F00D8EEC7 /* Release */ = {
			isa = XCBuildConfiguration;
			baseConfigurationReference = 129C5A76121279F82022E2B1 /* Pods-LJReaderTests.release.xcconfig */;
			buildSettings = {
				BUNDLE_LOADER = "$(TEST_HOST)";
				INFOPLIST_FILE = LJReaderTests/Info.plist;
				LD_RUNPATH_SEARCH_PATHS = "$(inherited) @executable_path/Frameworks @loader_path/Frameworks";
				PRODUCT_BUNDLE_IDENTIFIER = com.aliceaponasko.LJReaderTests;
				PRODUCT_NAME = "$(TARGET_NAME)";
				TEST_HOST = "$(BUILT_PRODUCTS_DIR)/LJReader.app/LJReader";
			};
			name = Release;
		};
		00DEF4D21C71330F00D8EEC7 /* Debug */ = {
			isa = XCBuildConfiguration;
			baseConfigurationReference = D34AACC18BDC821D94B8BCF3 /* Pods-LJReaderUITests.debug.xcconfig */;
			buildSettings = {
				INFOPLIST_FILE = LJReaderUITests/Info.plist;
				LD_RUNPATH_SEARCH_PATHS = "$(inherited) @executable_path/Frameworks @loader_path/Frameworks";
				PRODUCT_BUNDLE_IDENTIFIER = com.aliceaponasko.LJReaderUITests;
				PRODUCT_NAME = "$(TARGET_NAME)";
				TEST_TARGET_NAME = LJReader;
				USES_XCTRUNNER = YES;
			};
			name = Debug;
		};
		00DEF4D31C71330F00D8EEC7 /* Release */ = {
			isa = XCBuildConfiguration;
			baseConfigurationReference = 57BBC702A38148B10FFAF259 /* Pods-LJReaderUITests.release.xcconfig */;
			buildSettings = {
				INFOPLIST_FILE = LJReaderUITests/Info.plist;
				LD_RUNPATH_SEARCH_PATHS = "$(inherited) @executable_path/Frameworks @loader_path/Frameworks";
				PRODUCT_BUNDLE_IDENTIFIER = com.aliceaponasko.LJReaderUITests;
				PRODUCT_NAME = "$(TARGET_NAME)";
				TEST_TARGET_NAME = LJReader;
				USES_XCTRUNNER = YES;
			};
			name = Release;
		};
/* End XCBuildConfiguration section */

/* Begin XCConfigurationList section */
		00DEF49E1C71330F00D8EEC7 /* Build configuration list for PBXProject "LJReader" */ = {
			isa = XCConfigurationList;
			buildConfigurations = (
				00DEF4C91C71330F00D8EEC7 /* Debug */,
				00DEF4CA1C71330F00D8EEC7 /* Release */,
			);
			defaultConfigurationIsVisible = 0;
			defaultConfigurationName = Release;
		};
		00DEF4CB1C71330F00D8EEC7 /* Build configuration list for PBXNativeTarget "LJReader" */ = {
			isa = XCConfigurationList;
			buildConfigurations = (
				00DEF4CC1C71330F00D8EEC7 /* Debug */,
				00DEF4CD1C71330F00D8EEC7 /* Release */,
			);
			defaultConfigurationIsVisible = 0;
			defaultConfigurationName = Release;
		};
		00DEF4CE1C71330F00D8EEC7 /* Build configuration list for PBXNativeTarget "LJReaderTests" */ = {
			isa = XCConfigurationList;
			buildConfigurations = (
				00DEF4CF1C71330F00D8EEC7 /* Debug */,
				00DEF4D01C71330F00D8EEC7 /* Release */,
			);
			defaultConfigurationIsVisible = 0;
			defaultConfigurationName = Release;
		};
		00DEF4D11C71330F00D8EEC7 /* Build configuration list for PBXNativeTarget "LJReaderUITests" */ = {
			isa = XCConfigurationList;
			buildConfigurations = (
				00DEF4D21C71330F00D8EEC7 /* Debug */,
				00DEF4D31C71330F00D8EEC7 /* Release */,
			);
			defaultConfigurationIsVisible = 0;
			defaultConfigurationName = Release;
		};
/* End XCConfigurationList section */
	};
	rootObject = 00DEF49B1C71330F00D8EEC7 /* Project object */;
}
